
Microsoft Visual Studio Solution File, Format Version 12.00
# Visual Studio 15
VisualStudioVersion = 15.0.27130.2020
MinimumVisualStudioVersion = 10.0.40219.1
Project("{FAE04EC0-301F-11D3-BF4B-00C04F79EFBC}") = "APIGateWayDemo", "APIGateWayDemo\APIGateWayDemo.csproj", "{726A49C7-3DD3-4789-8BC7-DB79BFE4D943}"
EndProject
Project("{FAE04EC0-301F-11D3-BF4B-00C04F79EFBC}") = "ProductServiceAPI", "ProductServiceAPI\ProductServiceAPI.csproj", "{E6F87284-DB5B-4B66-9F85-C7309077190D}"
EndProject
Project("{FAE04EC0-301F-11D3-BF4B-00C04F79EFBC}") = "UserServiceAPI", "UserServiceAPI\UserServiceAPI.csproj", "{6CAF7871-0964-486B-B59C-F9190FE46650}"
EndProject
Global
	GlobalSection(SolutionConfigurationPlatforms) = preSolution
		Debug|Any CPU = Debug|Any CPU
		Release|Any CPU = Release|Any CPU
	EndGlobalSection
	GlobalSection(ProjectConfigurationPlatforms) = postSolution
		{726A49C7-3DD3-4789-8BC7-DB79BFE4D943}.Debug|Any CPU.ActiveCfg = Debug|Any CPU
		{726A49C7-3DD3-4789-8BC7-DB79BFE4D943}.Debug|Any CPU.Build.0 = Debug|Any CPU
		{726A49C7-3DD3-4789-8BC7-DB79BFE4D943}.Release|Any CPU.ActiveCfg = Release|Any CPU
		{726A49C7-3DD3-4789-8BC7-DB79BFE4D943}.Release|Any CPU.Build.0 = Release|Any CPU
		{E6F87284-DB5B-4B66-9F85-C7309077190D}.Debug|Any CPU.ActiveCfg = Debug|Any CPU
		{E6F87284-DB5B-4B66-9F85-C7309077190D}.Debug|Any CPU.Build.0 = Debug|Any CPU
		{E6F87284-DB5B-4B66-9F85-C7309077190D}.Release|Any CPU.ActiveCfg = Release|Any CPU
		{E6F87284-DB5B-4B66-9F85-C7309077190D}.Release|Any CPU.Build.0 = Release|Any CPU
		{6CAF7871-0964-486B-B59C-F9190FE46650}.Debug|Any CPU.ActiveCfg = Debug|Any CPU
		{6CAF7871-0964-486B-B59C-F9190FE46650}.Debug|Any CPU.Build.0 = Debug|Any CPU
		{6CAF7871-0964-486B-B59C-F9190FE46650}.Release|Any CPU.ActiveCfg = Release|Any CPU
		{6CAF7871-0964-486B-B59C-F9190FE46650}.Release|Any CPU.Build.0 = Release|Any CPU
	EndGlobalSection
	GlobalSection(SolutionProperties) = preSolution
		HideSolutionNode = FALSE
	EndGlobalSection
	GlobalSection(ExtensibilityGlobals) = postSolution
		SolutionGuid = {6DD26552-5614-4CFE-8D05-8C71B4B610C5}
	EndGlobalSection
EndGlobal
